
Microsoft Visual Studio Solution File, Format Version 12.00
# Visual Studio Version 16
VisualStudioVersion = 16.0.31321.278
MinimumVisualStudioVersion = 10.0.40219.1
Project("{FAE04EC0-301F-11D3-BF4B-00C04F79EFBC}") = "Shopping.Client", "Shopping.Client\Shopping.Client.csproj", "{D44C6CD1-86F2-486D-A783-2FA9462E93D9}"
EndProject
Project("{FAE04EC0-301F-11D3-BF4B-00C04F79EFBC}") = "Shopping.API", "Shopping.API\Shopping.API.csproj", "{8F189279-2A59-4BEB-A8B1-E6D0262A845B}"
EndProject
Global
	GlobalSection(SolutionConfigurationPlatforms) = preSolution
		Debug|Any CPU = Debug|Any CPU
		Release|Any CPU = Release|Any CPU
	EndGlobalSection
	GlobalSection(ProjectConfigurationPlatforms) = postSolution
		{D44C6CD1-86F2-486D-A783-2FA9462E93D9}.Debug|Any CPU.ActiveCfg = Debug|Any CPU
		{D44C6CD1-86F2-486D-A783-2FA9462E93D9}.Debug|Any CPU.Build.0 = Debug|Any CPU
		{D44C6CD1-86F2-486D-A783-2FA9462E93D9}.Release|Any CPU.ActiveCfg = Release|Any CPU
		{D44C6CD1-86F2-486D-A783-2FA9462E93D9}.Release|Any CPU.Build.0 = Release|Any CPU
		{8F189279-2A59-4BEB-A8B1-E6D0262A845B}.Debug|Any CPU.ActiveCfg = Debug|Any CPU
		{8F189279-2A59-4BEB-A8B1-E6D0262A845B}.Debug|Any CPU.Build.0 = Debug|Any CPU
		{8F189279-2A59-4BEB-A8B1-E6D0262A845B}.Release|Any CPU.ActiveCfg = Release|Any CPU
		{8F189279-2A59-4BEB-A8B1-E6D0262A845B}.Release|Any CPU.Build.0 = Release|Any CPU
	EndGlobalSection
	GlobalSection(SolutionProperties) = preSolution
		HideSolutionNode = FALSE
	EndGlobalSection
	GlobalSection(ExtensibilityGlobals) = postSolution
		SolutionGuid = {70ED1461-6219-40FE-BEC7-ECE27B035B3C}
	EndGlobalSection
EndGlobal
